{
  "meteor": {},
  "dependencies": {
    "basePackages": {
      "streams": {},
      "bootstrap-3": {},
      "iron-router": {},
      "facebook-node-sdk": {},
      "profile-online": {},
      "phonegap-oauth": {},
      "packmeteor": {}
    },
    "packages": {
      "streams": {
        "git": "https://github.com/arunoda/meteor-streams.git",
        "tag": "v0.1.17",
        "commit": "9fcbbc9b7bf542827babc92089c19e730892a22f"
      },
      "bootstrap-3": {
        "git": "https://github.com/mangasocial/meteor-bootstrap-3.git",
        "tag": "v3.2.0-1",
        "commit": "17a63902fc6cf1096c5289d963c66cf28b474727"
      },
      "iron-router": {
        "git": "https://github.com/EventedMind/iron-router.git",
        "tag": "v0.8.2",
        "commit": "05415a8891ea87a00fb1e2388585f2ca5a38e0da"
      },
      "facebook-node-sdk": {
        "git": "https://github.com/timbroddin/meteor-facebook-node-sdk.git",
        "tag": "v0.1.0",
        "commit": "031e1c55f6da43a68bd01255422b2e7bf508ac38"
      },
      "profile-online": {
        "git": "https://github.com/erundook/meteor-profile-online.git",
        "tag": "v0.1.9",
        "commit": "a982f18f22cb2025a02a9b38815c68e23469cd4b"
      },
      "phonegap-oauth": {
        "git": "https://github.com/AdamBrodzinski/meteor-phonegap-oauth.git",
        "tag": "v0.1.7",
        "commit": "d5a5b4dbf8b36daf03b105238a0d4fa2b7611182"
      },
      "packmeteor": {
        "git": "https://github.com/SpaceCapsule/packmeteor.git",
        "tag": "v0.1.2",
        "commit": "bbb11ab3f6e620a33e1bd541f72d44d6f142d070"
      },
      "iron-layout": {
        "git": "https://github.com/EventedMind/iron-layout.git",
        "tag": "v0.2.0",
        "commit": "4a2d53e35ba036b0c189c7ceca34be494d4c6c97"
      },
      "blaze-layout": {
        "git": "https://github.com/EventedMind/blaze-layout.git",
        "tag": "v0.2.5",
        "commit": "273e3ab7d005d91a1a59c71bd224533b4dae2fbd"
      },
      "iron-core": {
        "git": "https://github.com/EventedMind/iron-core.git",
        "tag": "v0.2.0",
        "commit": "0e48b5dc50d03f01025b7b900fb5ce2f13d52cad"
      },
      "iron-dynamic-template": {
        "git": "https://github.com/EventedMind/iron-dynamic-template.git",
        "tag": "v0.2.1",
        "commit": "4dd1185c4d9d616c9abdb3f33e4a7d5a88db7e18"
      }
    }
  }
}
