{
  "meteor": {},
  "dependencies": {
    "basePackages": {
      "streams": {},
      "bootstrap-3": {},
      "iron-router": {},
      "facebook-node-sdk": {},
      "profile-online": {},
      "phonegap-oauth": {},
      "packmeteor": {}
    },
    "packages": {
      "streams": {
        "git": "https://github.com/arunoda/meteor-streams.git",
        "tag": "v0.1.17",
        "commit": "9fcbbc9b7bf542827babc92089c19e730892a22f"
      },
      "bootstrap-3": {
        "git": "https://github.com/mangasocial/meteor-bootstrap-3.git",
        "tag": "v3.2.0-1",
        "commit": "17a63902fc6cf1096c5289d963c66cf28b474727"
      },
      "iron-router": {
        "git": "https://github.com/EventedMind/iron-router.git",
        "tag": "v0.7.1",
        "commit": "d1ffb3f06ea4c112132b030f2eb1a70b81675ecb"
      },
      "facebook-node-sdk": {
        "git": "https://github.com/timbroddin/meteor-facebook-node-sdk.git",
        "tag": "v0.1.0",
        "commit": "031e1c55f6da43a68bd01255422b2e7bf508ac38"
      },
      "profile-online": {
        "git": "https://github.com/erundook/meteor-profile-online.git",
        "tag": "v0.1.9",
        "commit": "a982f18f22cb2025a02a9b38815c68e23469cd4b"
      },
      "phonegap-oauth": {
        "git": "https://github.com/AdamBrodzinski/meteor-phonegap-oauth.git",
        "tag": "v0.1.5",
        "commit": "73ccd691e762ddda55e920851b0e02e95cd4bcd5"
      },
      "packmeteor": {
        "git": "https://github.com/SpaceCapsule/packmeteor.git",
        "tag": "v0.1.1",
        "commit": "3e8ff14e292e1652e06d1a449ee93c92cddc9c36"
      },
      "blaze-layout": {
        "git": "https://github.com/EventedMind/blaze-layout.git",
        "tag": "v0.2.4",
        "commit": "b40e9b0612329288d75cf52ad14a7da64bb8618f"
      }
    }
  }
}
